// !$*UTF8*$!
{
	archiveVersion = 1;
	classes = {
	};
	objectVersion = 48;
	objects = {

/* Begin PBXBuildFile section */
		0A20C1632112965C00D631F2 /* DLCollectionBottomCell.m in Sources */ = {isa = PBXBuildFile; fileRef = 0A20C1622112965C00D631F2 /* DLCollectionBottomCell.m */; };
		0A20C166211296C600D631F2 /* DLCollectionBottomFlowLayout.m in Sources */ = {isa = PBXBuildFile; fileRef = 0A20C165211296C600D631F2 /* DLCollectionBottomFlowLayout.m */; };
		0A20C16921129BCF00D631F2 /* DLCollectionTableViewCell.m in Sources */ = {isa = PBXBuildFile; fileRef = 0A20C16821129BCF00D631F2 /* DLCollectionTableViewCell.m */; };
		0A6175DF21F05E6500ADC135 /* DLImageViewerViewController.m in Sources */ = {isa = PBXBuildFile; fileRef = 0A6175DE21F05E6500ADC135 /* DLImageViewerViewController.m */; };
		0A6175E221F0612900ADC135 /* DLImageViewCollectionViewCell.m in Sources */ = {isa = PBXBuildFile; fileRef = 0A6175E121F0612900ADC135 /* DLImageViewCollectionViewCell.m */; };
		0A6175E621F061D000ADC135 /* DLImageViewerFlowLayout.m in Sources */ = {isa = PBXBuildFile; fileRef = 0A6175E521F061D000ADC135 /* DLImageViewerFlowLayout.m */; };
		0AC8FB5721EF19A0005279A4 /* DLOpenAttachmentViewController.m in Sources */ = {isa = PBXBuildFile; fileRef = 0AC8FB5621EF19A0005279A4 /* DLOpenAttachmentViewController.m */; };
		0AC8FB5A21EF20BA005279A4 /* 附件.docx in Resources */ = {isa = PBXBuildFile; fileRef = 0AC8FB5921EF20BA005279A4 /* 附件.docx */; };
		0AEE96442111B31B00FA9D4F /* DLImageHeaderCell.m in Sources */ = {isa = PBXBuildFile; fileRef = 0AEE96432111B31B00FA9D4F /* DLImageHeaderCell.m */; };
		1B4A09D420C0D91F00F9A1F0 /* DLTimerFlowLayout.m in Sources */ = {isa = PBXBuildFile; fileRef = 1B4A09D320C0D91F00F9A1F0 /* DLTimerFlowLayout.m */; };
		1B4A09D720C0D93500F9A1F0 /* DLTimerCollectionViewCell.m in Sources */ = {isa = PBXBuildFile; fileRef = 1B4A09D620C0D93500F9A1F0 /* DLTimerCollectionViewCell.m */; };
		4F0EC8A71FC7E74400CBB61D /* DLDataCollectionViewCell.m in Sources */ = {isa = PBXBuildFile; fileRef = 4F0EC8A61FC7E74400CBB61D /* DLDataCollectionViewCell.m */; };
		4F0EC8AA1FC7E90B00CBB61D /* DLDataFlowLayout.m in Sources */ = {isa = PBXBuildFile; fileRef = 4F0EC8A91FC7E90B00CBB61D /* DLDataFlowLayout.m */; };
		4FE079F31FC3BC4B008A32D9 /* AppDelegate.m in Sources */ = {isa = PBXBuildFile; fileRef = 4FE079F21FC3BC4B008A32D9 /* AppDelegate.m */; };
		4FE079F61FC3BC4B008A32D9 /* ViewController.m in Sources */ = {isa = PBXBuildFile; fileRef = 4FE079F51FC3BC4B008A32D9 /* ViewController.m */; };
		4FE079F91FC3BC4B008A32D9 /* Main.storyboard in Resources */ = {isa = PBXBuildFile; fileRef = 4FE079F71FC3BC4B008A32D9 /* Main.storyboard */; };
		4FE079FC1FC3BC4B008A32D9 /* __.xcdatamodeld in Sources */ = {isa = PBXBuildFile; fileRef = 4FE079FA1FC3BC4B008A32D9 /* __.xcdatamodeld */; };
		4FE079FE1FC3BC4B008A32D9 /* Assets.xcassets in Resources */ = {isa = PBXBuildFile; fileRef = 4FE079FD1FC3BC4B008A32D9 /* Assets.xcassets */; };
		4FE07A011FC3BC4B008A32D9 /* LaunchScreen.storyboard in Resources */ = {isa = PBXBuildFile; fileRef = 4FE079FF1FC3BC4B008A32D9 /* LaunchScreen.storyboard */; };
		4FE07A041FC3BC4B008A32D9 /* main.m in Sources */ = {isa = PBXBuildFile; fileRef = 4FE07A031FC3BC4B008A32D9 /* main.m */; };
		4FE07A1C1FC3BE9B008A32D9 /* DLTBImitationViewController.m in Sources */ = {isa = PBXBuildFile; fileRef = 4FE07A1B1FC3BE9B008A32D9 /* DLTBImitationViewController.m */; };
		4FE07A1F1FC3BED3008A32D9 /* DLCollectionLinkageViewController.m in Sources */ = {isa = PBXBuildFile; fileRef = 4FE07A1E1FC3BED3008A32D9 /* DLCollectionLinkageViewController.m */; };
		4FE07A221FC3BEDF008A32D9 /* DLTimerViewController.m in Sources */ = {isa = PBXBuildFile; fileRef = 4FE07A211FC3BEDF008A32D9 /* DLTimerViewController.m */; };
		4FE07A251FC3BF03008A32D9 /* DLTopSuspensionViewController.m in Sources */ = {isa = PBXBuildFile; fileRef = 4FE07A241FC3BF03008A32D9 /* DLTopSuspensionViewController.m */; };
		634348811FCBF8A000C9E4F2 /* DLIOS9MainViewController.m in Sources */ = {isa = PBXBuildFile; fileRef = 634348801FCBF8A000C9E4F2 /* DLIOS9MainViewController.m */; };
		63458480204542C900790FF5 /* DLPicLoopViewController.m in Sources */ = {isa = PBXBuildFile; fileRef = 6345847F204542C900790FF5 /* DLPicLoopViewController.m */; };
		63458483204543D200790FF5 /* DLCardCell.m in Sources */ = {isa = PBXBuildFile; fileRef = 63458482204543D200790FF5 /* DLCardCell.m */; };
		634584862045440E00790FF5 /* DLCardFlowLayout.m in Sources */ = {isa = PBXBuildFile; fileRef = 634584852045440E00790FF5 /* DLCardFlowLayout.m */; };
		634CFDAA2004583A008EC748 /* UIScrollView+Refresh.m in Sources */ = {isa = PBXBuildFile; fileRef = 634CFDA92004583A008EC748 /* UIScrollView+Refresh.m */; };
		63B6B3BF20BF912900DEA117 /* DLAlignmentFlowLayout.m in Sources */ = {isa = PBXBuildFile; fileRef = 63B6B3BA20BF912900DEA117 /* DLAlignmentFlowLayout.m */; };
		63B6B3C020BF912900DEA117 /* DLSearchCollectionViewCell.m in Sources */ = {isa = PBXBuildFile; fileRef = 63B6B3BC20BF912900DEA117 /* DLSearchCollectionViewCell.m */; };
		63B6B3C120BF912900DEA117 /* DLSearchTableViewCell.m in Sources */ = {isa = PBXBuildFile; fileRef = 63B6B3BD20BF912900DEA117 /* DLSearchTableViewCell.m */; };
		63B6B3C220BF912900DEA117 /* DLSearchViewController.m in Sources */ = {isa = PBXBuildFile; fileRef = 63B6B3BE20BF912900DEA117 /* DLSearchViewController.m */; };
		63D48BE1200F299C00EEF347 /* DLCustomSingleAlertViewController.m in Sources */ = {isa = PBXBuildFile; fileRef = 63D48BE0200F299C00EEF347 /* DLCustomSingleAlertViewController.m */; };
		63D48BE4200F2B3200EEF347 /* DLCustomDoubleViewController.m in Sources */ = {isa = PBXBuildFile; fileRef = 63D48BE3200F2B3200EEF347 /* DLCustomDoubleViewController.m */; };
		63D48BE7200F2BA300EEF347 /* DLBaseAlertViewController.m in Sources */ = {isa = PBXBuildFile; fileRef = 63D48BE6200F2BA300EEF347 /* DLBaseAlertViewController.m */; };
		63F119E81FFC6A0000803301 /* DLBaiduMapViewController.m in Sources */ = {isa = PBXBuildFile; fileRef = 63F119E71FFC6A0000803301 /* DLBaiduMapViewController.m */; };
		63F119EC1FFC714A00803301 /* DLMapSearchViewController.m in Sources */ = {isa = PBXBuildFile; fileRef = 63F119EB1FFC714A00803301 /* DLMapSearchViewController.m */; };
		63F8EE1D1FCCF25800EB2D12 /* BXChannelLabel.m in Sources */ = {isa = PBXBuildFile; fileRef = 63F8EE1C1FCCF25800EB2D12 /* BXChannelLabel.m */; };
		63F8EE211FCCF33600EB2D12 /* UIView+DLSize.m in Sources */ = {isa = PBXBuildFile; fileRef = 63F8EE201FCCF33600EB2D12 /* UIView+DLSize.m */; };
		63F8EE241FCCFA7A00EB2D12 /* UIColor+DLAddtion.m in Sources */ = {isa = PBXBuildFile; fileRef = 63F8EE231FCCFA7A00EB2D12 /* UIColor+DLAddtion.m */; };
		63F8EE271FCCFC8C00EB2D12 /* DLLinkageView.m in Sources */ = {isa = PBXBuildFile; fileRef = 63F8EE261FCCFC8C00EB2D12 /* DLLinkageView.m */; };
		F879F3E226704BA6275CD69A /* libPods-回顾.a in Frameworks */ = {isa = PBXBuildFile; fileRef = 0D629CA2F17BAE4067BB898D /* libPods-回顾.a */; };
/* End PBXBuildFile section */

/* Begin PBXFileReference section */
		0A20C1612112965C00D631F2 /* DLCollectionBottomCell.h */ = {isa = PBXFileReference; lastKnownFileType = sourcecode.c.h; path = DLCollectionBottomCell.h; sourceTree = "<group>"; };
		0A20C1622112965C00D631F2 /* DLCollectionBottomCell.m */ = {isa = PBXFileReference; lastKnownFileType = sourcecode.c.objc; path = DLCollectionBottomCell.m; sourceTree = "<group>"; };
		0A20C164211296C600D631F2 /* DLCollectionBottomFlowLayout.h */ = {isa = PBXFileReference; lastKnownFileType = sourcecode.c.h; path = DLCollectionBottomFlowLayout.h; sourceTree = "<group>"; };
		0A20C165211296C600D631F2 /* DLCollectionBottomFlowLayout.m */ = {isa = PBXFileReference; lastKnownFileType = sourcecode.c.objc; path = DLCollectionBottomFlowLayout.m; sourceTree = "<group>"; };
		0A20C16721129BCF00D631F2 /* DLCollectionTableViewCell.h */ = {isa = PBXFileReference; lastKnownFileType = sourcecode.c.h; path = DLCollectionTableViewCell.h; sourceTree = "<group>"; };
		0A20C16821129BCF00D631F2 /* DLCollectionTableViewCell.m */ = {isa = PBXFileReference; lastKnownFileType = sourcecode.c.objc; path = DLCollectionTableViewCell.m; sourceTree = "<group>"; };
		0A6175DD21F05E6500ADC135 /* DLImageViewerViewController.h */ = {isa = PBXFileReference; lastKnownFileType = sourcecode.c.h; path = DLImageViewerViewController.h; sourceTree = "<group>"; };
		0A6175DE21F05E6500ADC135 /* DLImageViewerViewController.m */ = {isa = PBXFileReference; lastKnownFileType = sourcecode.c.objc; path = DLImageViewerViewController.m; sourceTree = "<group>"; };
		0A6175E021F0612900ADC135 /* DLImageViewCollectionViewCell.h */ = {isa = PBXFileReference; lastKnownFileType = sourcecode.c.h; path = DLImageViewCollectionViewCell.h; sourceTree = "<group>"; };
		0A6175E121F0612900ADC135 /* DLImageViewCollectionViewCell.m */ = {isa = PBXFileReference; lastKnownFileType = sourcecode.c.objc; path = DLImageViewCollectionViewCell.m; sourceTree = "<group>"; };
		0A6175E421F061D000ADC135 /* DLImageViewerFlowLayout.h */ = {isa = PBXFileReference; lastKnownFileType = sourcecode.c.h; path = DLImageViewerFlowLayout.h; sourceTree = "<group>"; };
		0A6175E521F061D000ADC135 /* DLImageViewerFlowLayout.m */ = {isa = PBXFileReference; lastKnownFileType = sourcecode.c.objc; path = DLImageViewerFlowLayout.m; sourceTree = "<group>"; };
		0AC8FB5521EF19A0005279A4 /* DLOpenAttachmentViewController.h */ = {isa = PBXFileReference; lastKnownFileType = sourcecode.c.h; path = DLOpenAttachmentViewController.h; sourceTree = "<group>"; };
		0AC8FB5621EF19A0005279A4 /* DLOpenAttachmentViewController.m */ = {isa = PBXFileReference; lastKnownFileType = sourcecode.c.objc; path = DLOpenAttachmentViewController.m; sourceTree = "<group>"; };
		0AC8FB5921EF20BA005279A4 /* 附件.docx */ = {isa = PBXFileReference; lastKnownFileType = file; path = "附件.docx"; sourceTree = "<group>"; };
		0AEE96422111B31B00FA9D4F /* DLImageHeaderCell.h */ = {isa = PBXFileReference; lastKnownFileType = sourcecode.c.h; path = DLImageHeaderCell.h; sourceTree = "<group>"; };
		0AEE96432111B31B00FA9D4F /* DLImageHeaderCell.m */ = {isa = PBXFileReference; lastKnownFileType = sourcecode.c.objc; path = DLImageHeaderCell.m; sourceTree = "<group>"; };
		0D629CA2F17BAE4067BB898D /* libPods-回顾.a */ = {isa = PBXFileReference; explicitFileType = archive.ar; includeInIndex = 0; path = "libPods-回顾.a"; sourceTree = BUILT_PRODUCTS_DIR; };
		1B4A09D220C0D91F00F9A1F0 /* DLTimerFlowLayout.h */ = {isa = PBXFileReference; lastKnownFileType = sourcecode.c.h; path = DLTimerFlowLayout.h; sourceTree = "<group>"; };
		1B4A09D320C0D91F00F9A1F0 /* DLTimerFlowLayout.m */ = {isa = PBXFileReference; lastKnownFileType = sourcecode.c.objc; path = DLTimerFlowLayout.m; sourceTree = "<group>"; };
		1B4A09D520C0D93500F9A1F0 /* DLTimerCollectionViewCell.h */ = {isa = PBXFileReference; lastKnownFileType = sourcecode.c.h; path = DLTimerCollectionViewCell.h; sourceTree = "<group>"; };
		1B4A09D620C0D93500F9A1F0 /* DLTimerCollectionViewCell.m */ = {isa = PBXFileReference; lastKnownFileType = sourcecode.c.objc; path = DLTimerCollectionViewCell.m; sourceTree = "<group>"; };
		4F0EC8A51FC7E74400CBB61D /* DLDataCollectionViewCell.h */ = {isa = PBXFileReference; lastKnownFileType = sourcecode.c.h; path = DLDataCollectionViewCell.h; sourceTree = "<group>"; };
		4F0EC8A61FC7E74400CBB61D /* DLDataCollectionViewCell.m */ = {isa = PBXFileReference; lastKnownFileType = sourcecode.c.objc; path = DLDataCollectionViewCell.m; sourceTree = "<group>"; };
		4F0EC8A81FC7E90B00CBB61D /* DLDataFlowLayout.h */ = {isa = PBXFileReference; lastKnownFileType = sourcecode.c.h; path = DLDataFlowLayout.h; sourceTree = "<group>"; };
		4F0EC8A91FC7E90B00CBB61D /* DLDataFlowLayout.m */ = {isa = PBXFileReference; lastKnownFileType = sourcecode.c.objc; path = DLDataFlowLayout.m; sourceTree = "<group>"; };
		4F2222BF1FC3F0CC001F6614 /* PrefixHeader.pch */ = {isa = PBXFileReference; lastKnownFileType = sourcecode.c.h; path = PrefixHeader.pch; sourceTree = "<group>"; };
		4FE079EE1FC3BC4B008A32D9 /* 回顾.app */ = {isa = PBXFileReference; explicitFileType = wrapper.application; includeInIndex = 0; path = "回顾.app"; sourceTree = BUILT_PRODUCTS_DIR; };
		4FE079F11FC3BC4B008A32D9 /* AppDelegate.h */ = {isa = PBXFileReference; lastKnownFileType = sourcecode.c.h; path = AppDelegate.h; sourceTree = "<group>"; };
		4FE079F21FC3BC4B008A32D9 /* AppDelegate.m */ = {isa = PBXFileReference; lastKnownFileType = sourcecode.c.objc; path = AppDelegate.m; sourceTree = "<group>"; };
		4FE079F41FC3BC4B008A32D9 /* ViewController.h */ = {isa = PBXFileReference; lastKnownFileType = sourcecode.c.h; path = ViewController.h; sourceTree = "<group>"; };
		4FE079F51FC3BC4B008A32D9 /* ViewController.m */ = {isa = PBXFileReference; lastKnownFileType = sourcecode.c.objc; path = ViewController.m; sourceTree = "<group>"; };
		4FE079F81FC3BC4B008A32D9 /* Base */ = {isa = PBXFileReference; lastKnownFileType = file.storyboard; name = Base; path = Base.lproj/Main.storyboard; sourceTree = "<group>"; };
		4FE079FB1FC3BC4B008A32D9 /* __.xcdatamodel */ = {isa = PBXFileReference; lastKnownFileType = wrapper.xcdatamodel; path = __.xcdatamodel; sourceTree = "<group>"; };
		4FE079FD1FC3BC4B008A32D9 /* Assets.xcassets */ = {isa = PBXFileReference; lastKnownFileType = folder.assetcatalog; path = Assets.xcassets; sourceTree = "<group>"; };
		4FE07A001FC3BC4B008A32D9 /* Base */ = {isa = PBXFileReference; lastKnownFileType = file.storyboard; name = Base; path = Base.lproj/LaunchScreen.storyboard; sourceTree = "<group>"; };
		4FE07A021FC3BC4B008A32D9 /* Info.plist */ = {isa = PBXFileReference; lastKnownFileType = text.plist.xml; path = Info.plist; sourceTree = "<group>"; };
		4FE07A031FC3BC4B008A32D9 /* main.m */ = {isa = PBXFileReference; lastKnownFileType = sourcecode.c.objc; path = main.m; sourceTree = "<group>"; };
		4FE07A1A1FC3BE9B008A32D9 /* DLTBImitationViewController.h */ = {isa = PBXFileReference; lastKnownFileType = sourcecode.c.h; path = DLTBImitationViewController.h; sourceTree = "<group>"; };
		4FE07A1B1FC3BE9B008A32D9 /* DLTBImitationViewController.m */ = {isa = PBXFileReference; lastKnownFileType = sourcecode.c.objc; path = DLTBImitationViewController.m; sourceTree = "<group>"; };
		4FE07A1D1FC3BED3008A32D9 /* DLCollectionLinkageViewController.h */ = {isa = PBXFileReference; lastKnownFileType = sourcecode.c.h; path = DLCollectionLinkageViewController.h; sourceTree = "<group>"; };
		4FE07A1E1FC3BED3008A32D9 /* DLCollectionLinkageViewController.m */ = {isa = PBXFileReference; lastKnownFileType = sourcecode.c.objc; path = DLCollectionLinkageViewController.m; sourceTree = "<group>"; };
		4FE07A201FC3BEDF008A32D9 /* DLTimerViewController.h */ = {isa = PBXFileReference; lastKnownFileType = sourcecode.c.h; path = DLTimerViewController.h; sourceTree = "<group>"; };
		4FE07A211FC3BEDF008A32D9 /* DLTimerViewController.m */ = {isa = PBXFileReference; lastKnownFileType = sourcecode.c.objc; path = DLTimerViewController.m; sourceTree = "<group>"; };
		4FE07A231FC3BF03008A32D9 /* DLTopSuspensionViewController.h */ = {isa = PBXFileReference; lastKnownFileType = sourcecode.c.h; path = DLTopSuspensionViewController.h; sourceTree = "<group>"; };
		4FE07A241FC3BF03008A32D9 /* DLTopSuspensionViewController.m */ = {isa = PBXFileReference; lastKnownFileType = sourcecode.c.objc; path = DLTopSuspensionViewController.m; sourceTree = "<group>"; };
		6343487F1FCBF8A000C9E4F2 /* DLIOS9MainViewController.h */ = {isa = PBXFileReference; lastKnownFileType = sourcecode.c.h; path = DLIOS9MainViewController.h; sourceTree = "<group>"; };
		634348801FCBF8A000C9E4F2 /* DLIOS9MainViewController.m */ = {isa = PBXFileReference; lastKnownFileType = sourcecode.c.objc; path = DLIOS9MainViewController.m; sourceTree = "<group>"; };
		6345847E204542C900790FF5 /* DLPicLoopViewController.h */ = {isa = PBXFileReference; lastKnownFileType = sourcecode.c.h; path = DLPicLoopViewController.h; sourceTree = "<group>"; };
		6345847F204542C900790FF5 /* DLPicLoopViewController.m */ = {isa = PBXFileReference; lastKnownFileType = sourcecode.c.objc; path = DLPicLoopViewController.m; sourceTree = "<group>"; };
		63458481204543D200790FF5 /* DLCardCell.h */ = {isa = PBXFileReference; lastKnownFileType = sourcecode.c.h; path = DLCardCell.h; sourceTree = "<group>"; };
		63458482204543D200790FF5 /* DLCardCell.m */ = {isa = PBXFileReference; lastKnownFileType = sourcecode.c.objc; path = DLCardCell.m; sourceTree = "<group>"; };
		634584842045440E00790FF5 /* DLCardFlowLayout.h */ = {isa = PBXFileReference; lastKnownFileType = sourcecode.c.h; path = DLCardFlowLayout.h; sourceTree = "<group>"; };
		634584852045440E00790FF5 /* DLCardFlowLayout.m */ = {isa = PBXFileReference; lastKnownFileType = sourcecode.c.objc; path = DLCardFlowLayout.m; sourceTree = "<group>"; };
		634CFDA82004583A008EC748 /* UIScrollView+Refresh.h */ = {isa = PBXFileReference; lastKnownFileType = sourcecode.c.h; path = "UIScrollView+Refresh.h"; sourceTree = "<group>"; };
		634CFDA92004583A008EC748 /* UIScrollView+Refresh.m */ = {isa = PBXFileReference; lastKnownFileType = sourcecode.c.objc; path = "UIScrollView+Refresh.m"; sourceTree = "<group>"; };
		63B6B3B620BF912900DEA117 /* DLSearchViewController.h */ = {isa = PBXFileReference; fileEncoding = 4; lastKnownFileType = sourcecode.c.h; path = DLSearchViewController.h; sourceTree = "<group>"; };
		63B6B3B820BF912900DEA117 /* DLSearchTableViewCell.h */ = {isa = PBXFileReference; fileEncoding = 4; lastKnownFileType = sourcecode.c.h; path = DLSearchTableViewCell.h; sourceTree = "<group>"; };
		63B6B3B920BF912900DEA117 /* DLSearchCollectionViewCell.h */ = {isa = PBXFileReference; fileEncoding = 4; lastKnownFileType = sourcecode.c.h; path = DLSearchCollectionViewCell.h; sourceTree = "<group>"; };
		63B6B3BA20BF912900DEA117 /* DLAlignmentFlowLayout.m */ = {isa = PBXFileReference; fileEncoding = 4; lastKnownFileType = sourcecode.c.objc; path = DLAlignmentFlowLayout.m; sourceTree = "<group>"; };
		63B6B3BB20BF912900DEA117 /* DLAlignmentFlowLayout.h */ = {isa = PBXFileReference; fileEncoding = 4; lastKnownFileType = sourcecode.c.h; path = DLAlignmentFlowLayout.h; sourceTree = "<group>"; };
		63B6B3BC20BF912900DEA117 /* DLSearchCollectionViewCell.m */ = {isa = PBXFileReference; fileEncoding = 4; lastKnownFileType = sourcecode.c.objc; path = DLSearchCollectionViewCell.m; sourceTree = "<group>"; };
		63B6B3BD20BF912900DEA117 /* DLSearchTableViewCell.m */ = {isa = PBXFileReference; fileEncoding = 4; lastKnownFileType = sourcecode.c.objc; path = DLSearchTableViewCell.m; sourceTree = "<group>"; };
		63B6B3BE20BF912900DEA117 /* DLSearchViewController.m */ = {isa = PBXFileReference; fileEncoding = 4; lastKnownFileType = sourcecode.c.objc; path = DLSearchViewController.m; sourceTree = "<group>"; };
		63D48BDF200F299C00EEF347 /* DLCustomSingleAlertViewController.h */ = {isa = PBXFileReference; lastKnownFileType = sourcecode.c.h; path = DLCustomSingleAlertViewController.h; sourceTree = "<group>"; };
		63D48BE0200F299C00EEF347 /* DLCustomSingleAlertViewController.m */ = {isa = PBXFileReference; lastKnownFileType = sourcecode.c.objc; path = DLCustomSingleAlertViewController.m; sourceTree = "<group>"; };
		63D48BE2200F2B3200EEF347 /* DLCustomDoubleViewController.h */ = {isa = PBXFileReference; lastKnownFileType = sourcecode.c.h; path = DLCustomDoubleViewController.h; sourceTree = "<group>"; };
		63D48BE3200F2B3200EEF347 /* DLCustomDoubleViewController.m */ = {isa = PBXFileReference; lastKnownFileType = sourcecode.c.objc; path = DLCustomDoubleViewController.m; sourceTree = "<group>"; };
		63D48BE5200F2BA300EEF347 /* DLBaseAlertViewController.h */ = {isa = PBXFileReference; lastKnownFileType = sourcecode.c.h; path = DLBaseAlertViewController.h; sourceTree = "<group>"; };
		63D48BE6200F2BA300EEF347 /* DLBaseAlertViewController.m */ = {isa = PBXFileReference; lastKnownFileType = sourcecode.c.objc; path = DLBaseAlertViewController.m; sourceTree = "<group>"; };
		63F119E61FFC6A0000803301 /* DLBaiduMapViewController.h */ = {isa = PBXFileReference; lastKnownFileType = sourcecode.c.h; path = DLBaiduMapViewController.h; sourceTree = "<group>"; };
		63F119E71FFC6A0000803301 /* DLBaiduMapViewController.m */ = {isa = PBXFileReference; lastKnownFileType = sourcecode.c.objc; path = DLBaiduMapViewController.m; sourceTree = "<group>"; };
		63F119EA1FFC714A00803301 /* DLMapSearchViewController.h */ = {isa = PBXFileReference; lastKnownFileType = sourcecode.c.h; path = DLMapSearchViewController.h; sourceTree = "<group>"; };
		63F119EB1FFC714A00803301 /* DLMapSearchViewController.m */ = {isa = PBXFileReference; lastKnownFileType = sourcecode.c.objc; path = DLMapSearchViewController.m; sourceTree = "<group>"; };
		63F8EE1B1FCCF25700EB2D12 /* BXChannelLabel.h */ = {isa = PBXFileReference; fileEncoding = 4; lastKnownFileType = sourcecode.c.h; path = BXChannelLabel.h; sourceTree = "<group>"; };
		63F8EE1C1FCCF25800EB2D12 /* BXChannelLabel.m */ = {isa = PBXFileReference; fileEncoding = 4; lastKnownFileType = sourcecode.c.objc; path = BXChannelLabel.m; sourceTree = "<group>"; };
		63F8EE1F1FCCF33600EB2D12 /* UIView+DLSize.h */ = {isa = PBXFileReference; lastKnownFileType = sourcecode.c.h; path = "UIView+DLSize.h"; sourceTree = "<group>"; };
		63F8EE201FCCF33600EB2D12 /* UIView+DLSize.m */ = {isa = PBXFileReference; lastKnownFileType = sourcecode.c.objc; path = "UIView+DLSize.m"; sourceTree = "<group>"; };
		63F8EE221FCCFA7A00EB2D12 /* UIColor+DLAddtion.h */ = {isa = PBXFileReference; lastKnownFileType = sourcecode.c.h; path = "UIColor+DLAddtion.h"; sourceTree = "<group>"; };
		63F8EE231FCCFA7A00EB2D12 /* UIColor+DLAddtion.m */ = {isa = PBXFileReference; lastKnownFileType = sourcecode.c.objc; path = "UIColor+DLAddtion.m"; sourceTree = "<group>"; };
		63F8EE251FCCFC8C00EB2D12 /* DLLinkageView.h */ = {isa = PBXFileReference; lastKnownFileType = sourcecode.c.h; path = DLLinkageView.h; sourceTree = "<group>"; };
		63F8EE261FCCFC8C00EB2D12 /* DLLinkageView.m */ = {isa = PBXFileReference; lastKnownFileType = sourcecode.c.objc; path = DLLinkageView.m; sourceTree = "<group>"; };
		B0CFACB9D09B49EBEE895915 /* Pods-回顾.debug.xcconfig */ = {isa = PBXFileReference; includeInIndex = 1; lastKnownFileType = text.xcconfig; name = "Pods-回顾.debug.xcconfig"; path = "Pods/Target Support Files/Pods-回顾/Pods-回顾.debug.xcconfig"; sourceTree = "<group>"; };
		E55276D4656A1886A54DC329 /* Pods-回顾.release.xcconfig */ = {isa = PBXFileReference; includeInIndex = 1; lastKnownFileType = text.xcconfig; name = "Pods-回顾.release.xcconfig"; path = "Pods/Target Support Files/Pods-回顾/Pods-回顾.release.xcconfig"; sourceTree = "<group>"; };
/* End PBXFileReference section */

/* Begin PBXFrameworksBuildPhase section */
		4FE079EB1FC3BC4B008A32D9 /* Frameworks */ = {
			isa = PBXFrameworksBuildPhase;
			buildActionMask = 2147483647;
			files = (
				F879F3E226704BA6275CD69A /* libPods-回顾.a in Frameworks */,
			);
			runOnlyForDeploymentPostprocessing = 0;
		};
/* End PBXFrameworksBuildPhase section */

/* Begin PBXGroup section */
		0A6175DC21F05E4700ADC135 /* ImageViewer */ = {
			isa = PBXGroup;
			children = (
				0A6175E321F0613000ADC135 /* View */,
				0A6175DD21F05E6500ADC135 /* DLImageViewerViewController.h */,
				0A6175DE21F05E6500ADC135 /* DLImageViewerViewController.m */,
			);
			path = ImageViewer;
			sourceTree = "<group>";
		};
		0A6175E321F0613000ADC135 /* View */ = {
			isa = PBXGroup;
			children = (
				0A6175E021F0612900ADC135 /* DLImageViewCollectionViewCell.h */,
				0A6175E121F0612900ADC135 /* DLImageViewCollectionViewCell.m */,
				0A6175E421F061D000ADC135 /* DLImageViewerFlowLayout.h */,
				0A6175E521F061D000ADC135 /* DLImageViewerFlowLayout.m */,
			);
			path = View;
			sourceTree = "<group>";
		};
		0AC8FB5421EF1968005279A4 /* 附件打开 */ = {
			isa = PBXGroup;
			children = (
				0AC8FB5521EF19A0005279A4 /* DLOpenAttachmentViewController.h */,
				0AC8FB5621EF19A0005279A4 /* DLOpenAttachmentViewController.m */,
			);
			path = "附件打开";
			sourceTree = "<group>";
		};
		0AEE96412111B2C800FA9D4F /* View */ = {
			isa = PBXGroup;
			children = (
				0AEE96422111B31B00FA9D4F /* DLImageHeaderCell.h */,
				0AEE96432111B31B00FA9D4F /* DLImageHeaderCell.m */,
				0A20C1612112965C00D631F2 /* DLCollectionBottomCell.h */,
				0A20C1622112965C00D631F2 /* DLCollectionBottomCell.m */,
				0A20C164211296C600D631F2 /* DLCollectionBottomFlowLayout.h */,
				0A20C165211296C600D631F2 /* DLCollectionBottomFlowLayout.m */,
				0A20C16721129BCF00D631F2 /* DLCollectionTableViewCell.h */,
				0A20C16821129BCF00D631F2 /* DLCollectionTableViewCell.m */,
			);
			path = View;
			sourceTree = "<group>";
		};
		1B4A09D120C0D8E000F9A1F0 /* View */ = {
			isa = PBXGroup;
			children = (
				1B4A09D220C0D91F00F9A1F0 /* DLTimerFlowLayout.h */,
				1B4A09D320C0D91F00F9A1F0 /* DLTimerFlowLayout.m */,
				1B4A09D520C0D93500F9A1F0 /* DLTimerCollectionViewCell.h */,
				1B4A09D620C0D93500F9A1F0 /* DLTimerCollectionViewCell.m */,
			);
			path = View;
			sourceTree = "<group>";
		};
		4FE079E51FC3BC4B008A32D9 = {
			isa = PBXGroup;
			children = (
				4FE079F01FC3BC4B008A32D9 /* 回顾 */,
				4FE079EF1FC3BC4B008A32D9 /* Products */,
				D7203C48B6BB5888C071620A /* Pods */,
				FD43D2365E2CFBC3187D714C /* Frameworks */,
			);
			sourceTree = "<group>";
		};
		4FE079EF1FC3BC4B008A32D9 /* Products */ = {
			isa = PBXGroup;
			children = (
				4FE079EE1FC3BC4B008A32D9 /* 回顾.app */,
			);
			name = Products;
			sourceTree = "<group>";
		};
		4FE079F01FC3BC4B008A32D9 /* 回顾 */ = {
			isa = PBXGroup;
			children = (
				0AC8FB5921EF20BA005279A4 /* 附件.docx */,
				4FE079F11FC3BC4B008A32D9 /* AppDelegate.h */,
				4FE079F21FC3BC4B008A32D9 /* AppDelegate.m */,
				4FE079F41FC3BC4B008A32D9 /* ViewController.h */,
				4FE079F51FC3BC4B008A32D9 /* ViewController.m */,
				0A6175DC21F05E4700ADC135 /* ImageViewer */,
				63B6B3B520BF912900DEA117 /* 好看的搜索界面 */,
				4FE07A0A1FC3BD9A008A32D9 /* 淘宝详情页 */,
				4FE07A0B1FC3BDA9008A32D9 /* collectionView联动 */,
				4FE07A0C1FC3BDB8008A32D9 /* 定时器 */,
				4FE07A0D1FC3BDC2008A32D9 /* 顶部悬浮 */,
				6343487B1FCBF84F00C9E4F2 /* iOS9锁屏界面 */,
				63F119E51FFC69D500803301 /* 关于百度地图的一些事情 */,
				63F8EE1E1FCCF31700EB2D12 /* Category */,
				63D48BDE200F296E00EEF347 /* 自定义弹出框 */,
				6345847A204541E000790FF5 /* 图片轮播,中间图片放大 */,
				0AC8FB5421EF1968005279A4 /* 附件打开 */,
				4FE079F71FC3BC4B008A32D9 /* Main.storyboard */,
				4FE079FD1FC3BC4B008A32D9 /* Assets.xcassets */,
				4FE079FF1FC3BC4B008A32D9 /* LaunchScreen.storyboard */,
				4FE07A021FC3BC4B008A32D9 /* Info.plist */,
				4FE07A031FC3BC4B008A32D9 /* main.m */,
				4FE079FA1FC3BC4B008A32D9 /* __.xcdatamodeld */,
				4F2222BF1FC3F0CC001F6614 /* PrefixHeader.pch */,
			);
			path = "回顾";
			sourceTree = "<group>";
		};
		4FE07A0A1FC3BD9A008A32D9 /* 淘宝详情页 */ = {
			isa = PBXGroup;
			children = (
				4FE07A101FC3BDFD008A32D9 /* Controller */,
			);
			path = "淘宝详情页";
			sourceTree = "<group>";
		};
		4FE07A0B1FC3BDA9008A32D9 /* collectionView联动 */ = {
			isa = PBXGroup;
			children = (
				4FE07A121FC3BE16008A32D9 /* View */,
				4FE07A111FC3BE0D008A32D9 /* Controller */,
			);
			path = "collectionView联动";
			sourceTree = "<group>";
		};
		4FE07A0C1FC3BDB8008A32D9 /* 定时器 */ = {
			isa = PBXGroup;
			children = (
				1B4A09D120C0D8E000F9A1F0 /* View */,
				4FE07A141FC3BE23008A32D9 /* Controller */,
			);
			path = "定时器";
			sourceTree = "<group>";
		};
		4FE07A0D1FC3BDC2008A32D9 /* 顶部悬浮 */ = {
			isa = PBXGroup;
			children = (
				0AEE96412111B2C800FA9D4F /* View */,
				4FE07A171FC3BE5B008A32D9 /* Controller */,
			);
			path = "顶部悬浮";
			sourceTree = "<group>";
		};
		4FE07A101FC3BDFD008A32D9 /* Controller */ = {
			isa = PBXGroup;
			children = (
				4FE07A1A1FC3BE9B008A32D9 /* DLTBImitationViewController.h */,
				4FE07A1B1FC3BE9B008A32D9 /* DLTBImitationViewController.m */,
			);
			path = Controller;
			sourceTree = "<group>";
		};
		4FE07A111FC3BE0D008A32D9 /* Controller */ = {
			isa = PBXGroup;
			children = (
				4FE07A1D1FC3BED3008A32D9 /* DLCollectionLinkageViewController.h */,
				4FE07A1E1FC3BED3008A32D9 /* DLCollectionLinkageViewController.m */,
			);
			path = Controller;
			sourceTree = "<group>";
		};
		4FE07A121FC3BE16008A32D9 /* View */ = {
			isa = PBXGroup;
			children = (
				63F8EE1B1FCCF25700EB2D12 /* BXChannelLabel.h */,
				63F8EE1C1FCCF25800EB2D12 /* BXChannelLabel.m */,
				4F0EC8A81FC7E90B00CBB61D /* DLDataFlowLayout.h */,
				4F0EC8A91FC7E90B00CBB61D /* DLDataFlowLayout.m */,
				4F0EC8A51FC7E74400CBB61D /* DLDataCollectionViewCell.h */,
				4F0EC8A61FC7E74400CBB61D /* DLDataCollectionViewCell.m */,
				63F8EE251FCCFC8C00EB2D12 /* DLLinkageView.h */,
				63F8EE261FCCFC8C00EB2D12 /* DLLinkageView.m */,
			);
			path = View;
			sourceTree = "<group>";
		};
		4FE07A141FC3BE23008A32D9 /* Controller */ = {
			isa = PBXGroup;
			children = (
				4FE07A201FC3BEDF008A32D9 /* DLTimerViewController.h */,
				4FE07A211FC3BEDF008A32D9 /* DLTimerViewController.m */,
			);
			path = Controller;
			sourceTree = "<group>";
		};
		4FE07A171FC3BE5B008A32D9 /* Controller */ = {
			isa = PBXGroup;
			children = (
				4FE07A231FC3BF03008A32D9 /* DLTopSuspensionViewController.h */,
				4FE07A241FC3BF03008A32D9 /* DLTopSuspensionViewController.m */,
			);
			path = Controller;
			sourceTree = "<group>";
		};
		6343487B1FCBF84F00C9E4F2 /* iOS9锁屏界面 */ = {
			isa = PBXGroup;
			children = (
				6343487C1FCBF86900C9E4F2 /* Model */,
				6343487E1FCBF87C00C9E4F2 /* View */,
				6343487D1FCBF87000C9E4F2 /* ViewController */,
			);
			path = "iOS9锁屏界面";
			sourceTree = "<group>";
		};
		6343487C1FCBF86900C9E4F2 /* Model */ = {
			isa = PBXGroup;
			children = (
			);
			path = Model;
			sourceTree = "<group>";
		};
		6343487D1FCBF87000C9E4F2 /* ViewController */ = {
			isa = PBXGroup;
			children = (
				6343487F1FCBF8A000C9E4F2 /* DLIOS9MainViewController.h */,
				634348801FCBF8A000C9E4F2 /* DLIOS9MainViewController.m */,
			);
			path = ViewController;
			sourceTree = "<group>";
		};
		6343487E1FCBF87C00C9E4F2 /* View */ = {
			isa = PBXGroup;
			children = (
			);
			path = View;
			sourceTree = "<group>";
		};
		6345847A204541E000790FF5 /* 图片轮播,中间图片放大 */ = {
			isa = PBXGroup;
			children = (
				6345847E204542C900790FF5 /* DLPicLoopViewController.h */,
				6345847F204542C900790FF5 /* DLPicLoopViewController.m */,
				634584842045440E00790FF5 /* DLCardFlowLayout.h */,
				634584852045440E00790FF5 /* DLCardFlowLayout.m */,
				63458481204543D200790FF5 /* DLCardCell.h */,
				63458482204543D200790FF5 /* DLCardCell.m */,
			);
			path = "图片轮播,中间图片放大";
			sourceTree = "<group>";
		};
		63B6B3B520BF912900DEA117 /* 好看的搜索界面 */ = {
			isa = PBXGroup;
			children = (
				63B6B3B620BF912900DEA117 /* DLSearchViewController.h */,
				63B6B3BE20BF912900DEA117 /* DLSearchViewController.m */,
				63B6B3B720BF912900DEA117 /* View */,
			);
			path = "好看的搜索界面";
			sourceTree = "<group>";
		};
		63B6B3B720BF912900DEA117 /* View */ = {
			isa = PBXGroup;
			children = (
				63B6B3BB20BF912900DEA117 /* DLAlignmentFlowLayout.h */,
				63B6B3BA20BF912900DEA117 /* DLAlignmentFlowLayout.m */,
				63B6B3B820BF912900DEA117 /* DLSearchTableViewCell.h */,
				63B6B3BD20BF912900DEA117 /* DLSearchTableViewCell.m */,
				63B6B3B920BF912900DEA117 /* DLSearchCollectionViewCell.h */,
				63B6B3BC20BF912900DEA117 /* DLSearchCollectionViewCell.m */,
			);
			path = View;
			sourceTree = "<group>";
		};
		63D48BDE200F296E00EEF347 /* 自定义弹出框 */ = {
			isa = PBXGroup;
			children = (
				63D48BDF200F299C00EEF347 /* DLCustomSingleAlertViewController.h */,
				63D48BE0200F299C00EEF347 /* DLCustomSingleAlertViewController.m */,
				63D48BE2200F2B3200EEF347 /* DLCustomDoubleViewController.h */,
				63D48BE3200F2B3200EEF347 /* DLCustomDoubleViewController.m */,
				63D48BE5200F2BA300EEF347 /* DLBaseAlertViewController.h */,
				63D48BE6200F2BA300EEF347 /* DLBaseAlertViewController.m */,
			);
			path = "自定义弹出框";
			sourceTree = "<group>";
		};
		63F119E51FFC69D500803301 /* 关于百度地图的一些事情 */ = {
			isa = PBXGroup;
			children = (
				63F119E91FFC711600803301 /* controller */,
			);
			path = "关于百度地图的一些事情";
			sourceTree = "<group>";
		};
		63F119E91FFC711600803301 /* controller */ = {
			isa = PBXGroup;
			children = (
				63F119E61FFC6A0000803301 /* DLBaiduMapViewController.h */,
				63F119E71FFC6A0000803301 /* DLBaiduMapViewController.m */,
				63F119EA1FFC714A00803301 /* DLMapSearchViewController.h */,
				63F119EB1FFC714A00803301 /* DLMapSearchViewController.m */,
			);
			path = controller;
			sourceTree = "<group>";
		};
		63F8EE1E1FCCF31700EB2D12 /* Category */ = {
			isa = PBXGroup;
			children = (
				63F8EE1F1FCCF33600EB2D12 /* UIView+DLSize.h */,
				63F8EE201FCCF33600EB2D12 /* UIView+DLSize.m */,
				63F8EE221FCCFA7A00EB2D12 /* UIColor+DLAddtion.h */,
				63F8EE231FCCFA7A00EB2D12 /* UIColor+DLAddtion.m */,
				634CFDA82004583A008EC748 /* UIScrollView+Refresh.h */,
				634CFDA92004583A008EC748 /* UIScrollView+Refresh.m */,
			);
			path = Category;
			sourceTree = "<group>";
		};
		D7203C48B6BB5888C071620A /* Pods */ = {
			isa = PBXGroup;
			children = (
				B0CFACB9D09B49EBEE895915 /* Pods-回顾.debug.xcconfig */,
				E55276D4656A1886A54DC329 /* Pods-回顾.release.xcconfig */,
			);
			name = Pods;
			sourceTree = "<group>";
		};
		FD43D2365E2CFBC3187D714C /* Frameworks */ = {
			isa = PBXGroup;
			children = (
				0D629CA2F17BAE4067BB898D /* libPods-回顾.a */,
			);
			name = Frameworks;
			sourceTree = "<group>";
		};
/* End PBXGroup section */

/* Begin PBXNativeTarget section */
		4FE079ED1FC3BC4B008A32D9 /* 回顾 */ = {
			isa = PBXNativeTarget;
			buildConfigurationList = 4FE07A071FC3BC4B008A32D9 /* Build configuration list for PBXNativeTarget "回顾" */;
			buildPhases = (
				83A432B59251AD66A319EDD3 /* [CP] Check Pods Manifest.lock */,
				4FE079EA1FC3BC4B008A32D9 /* Sources */,
				4FE079EB1FC3BC4B008A32D9 /* Frameworks */,
				4FE079EC1FC3BC4B008A32D9 /* Resources */,
				A30255E82D5FBFBFAC483700 /* [CP] Copy Pods Resources */,
			);
			buildRules = (
			);
			dependencies = (
			);
			name = "回顾";
			productName = "回顾";
			productReference = 4FE079EE1FC3BC4B008A32D9 /* 回顾.app */;
			productType = "com.apple.product-type.application";
		};
/* End PBXNativeTarget section */

/* Begin PBXProject section */
		4FE079E61FC3BC4B008A32D9 /* Project object */ = {
			isa = PBXProject;
			attributes = {
				CLASSPREFIX = DL;
				LastUpgradeCheck = 0910;
				ORGANIZATIONNAME = devil;
				TargetAttributes = {
					4FE079ED1FC3BC4B008A32D9 = {
						CreatedOnToolsVersion = 9.1;
						ProvisioningStyle = Automatic;
					};
				};
			};
			buildConfigurationList = 4FE079E91FC3BC4B008A32D9 /* Build configuration list for PBXProject "回顾" */;
			compatibilityVersion = "Xcode 8.0";
			developmentRegion = en;
			hasScannedForEncodings = 0;
			knownRegions = (
				en,
				Base,
			);
			mainGroup = 4FE079E51FC3BC4B008A32D9;
			productRefGroup = 4FE079EF1FC3BC4B008A32D9 /* Products */;
			projectDirPath = "";
			projectRoot = "";
			targets = (
				4FE079ED1FC3BC4B008A32D9 /* 回顾 */,
			);
		};
/* End PBXProject section */

/* Begin PBXResourcesBuildPhase section */
		4FE079EC1FC3BC4B008A32D9 /* Resources */ = {
			isa = PBXResourcesBuildPhase;
			buildActionMask = 2147483647;
			files = (
				4FE07A011FC3BC4B008A32D9 /* LaunchScreen.storyboard in Resources */,
				0AC8FB5A21EF20BA005279A4 /* 附件.docx in Resources */,
				4FE079FE1FC3BC4B008A32D9 /* Assets.xcassets in Resources */,
				4FE079F91FC3BC4B008A32D9 /* Main.storyboard in Resources */,
			);
			runOnlyForDeploymentPostprocessing = 0;
		};
/* End PBXResourcesBuildPhase section */

/* Begin PBXShellScriptBuildPhase section */
		83A432B59251AD66A319EDD3 /* [CP] Check Pods Manifest.lock */ = {
			isa = PBXShellScriptBuildPhase;
			buildActionMask = 2147483647;
			files = (
			);
			inputPaths = (
				"${PODS_PODFILE_DIR_PATH}/Podfile.lock",
				"${PODS_ROOT}/Manifest.lock",
			);
			name = "[CP] Check Pods Manifest.lock";
			outputPaths = (
				"$(DERIVED_FILE_DIR)/Pods-回顾-checkManifestLockResult.txt",
			);
			runOnlyForDeploymentPostprocessing = 0;
			shellPath = /bin/sh;
			shellScript = "diff \"${PODS_PODFILE_DIR_PATH}/Podfile.lock\" \"${PODS_ROOT}/Manifest.lock\" > /dev/null\nif [ $? != 0 ] ; then\n    # print error to STDERR\n    echo \"error: The sandbox is not in sync with the Podfile.lock. Run 'pod install' or update your CocoaPods installation.\" >&2\n    exit 1\nfi\n# This output is used by Xcode 'outputs' to avoid re-running this script phase.\necho \"SUCCESS\" > \"${SCRIPT_OUTPUT_FILE_0}\"\n";
			showEnvVarsInLog = 0;
		};
		A30255E82D5FBFBFAC483700 /* [CP] Copy Pods Resources */ = {
			isa = PBXShellScriptBuildPhase;
			buildActionMask = 2147483647;
			files = (
			);
			inputPaths = (
				"${SRCROOT}/Pods/Target Support Files/Pods-回顾/Pods-回顾-resources.sh",
				"${PODS_ROOT}/BaiduMapKit/BaiduMapKit/BaiduMapAPI_Map.framework/Resources/mapapi.bundle",
				"${PODS_ROOT}/MJRefresh/MJRefresh/MJRefresh.bundle",
			);
			name = "[CP] Copy Pods Resources";
			outputPaths = (
				"${TARGET_BUILD_DIR}/${UNLOCALIZED_RESOURCES_FOLDER_PATH}/mapapi.bundle",
				"${TARGET_BUILD_DIR}/${UNLOCALIZED_RESOURCES_FOLDER_PATH}/MJRefresh.bundle",
			);
			runOnlyForDeploymentPostprocessing = 0;
			shellPath = /bin/sh;
			shellScript = "\"${SRCROOT}/Pods/Target Support Files/Pods-回顾/Pods-回顾-resources.sh\"\n";
			showEnvVarsInLog = 0;
		};
/* End PBXShellScriptBuildPhase section */

/* Begin PBXSourcesBuildPhase section */
		4FE079EA1FC3BC4B008A32D9 /* Sources */ = {
			isa = PBXSourcesBuildPhase;
			buildActionMask = 2147483647;
			files = (
				63B6B3C220BF912900DEA117 /* DLSearchViewController.m in Sources */,
				4FE07A1F1FC3BED3008A32D9 /* DLCollectionLinkageViewController.m in Sources */,
				63B6B3BF20BF912900DEA117 /* DLAlignmentFlowLayout.m in Sources */,
				63D48BE1200F299C00EEF347 /* DLCustomSingleAlertViewController.m in Sources */,
				0A20C1632112965C00D631F2 /* DLCollectionBottomCell.m in Sources */,
				4F0EC8AA1FC7E90B00CBB61D /* DLDataFlowLayout.m in Sources */,
				4FE079FC1FC3BC4B008A32D9 /* __.xcdatamodeld in Sources */,
				4FE079F61FC3BC4B008A32D9 /* ViewController.m in Sources */,
				63458483204543D200790FF5 /* DLCardCell.m in Sources */,
				1B4A09D720C0D93500F9A1F0 /* DLTimerCollectionViewCell.m in Sources */,
				4FE07A251FC3BF03008A32D9 /* DLTopSuspensionViewController.m in Sources */,
				0AC8FB5721EF19A0005279A4 /* DLOpenAttachmentViewController.m in Sources */,
				0AEE96442111B31B00FA9D4F /* DLImageHeaderCell.m in Sources */,
				0A6175E221F0612900ADC135 /* DLImageViewCollectionViewCell.m in Sources */,
				63D48BE4200F2B3200EEF347 /* DLCustomDoubleViewController.m in Sources */,
				63F8EE241FCCFA7A00EB2D12 /* UIColor+DLAddtion.m in Sources */,
				63B6B3C020BF912900DEA117 /* DLSearchCollectionViewCell.m in Sources */,
				63F8EE1D1FCCF25800EB2D12 /* BXChannelLabel.m in Sources */,
				63F119E81FFC6A0000803301 /* DLBaiduMapViewController.m in Sources */,
				0A6175E621F061D000ADC135 /* DLImageViewerFlowLayout.m in Sources */,
				4FE07A041FC3BC4B008A32D9 /* main.m in Sources */,
				0A20C166211296C600D631F2 /* DLCollectionBottomFlowLayout.m in Sources */,
				63458480204542C900790FF5 /* DLPicLoopViewController.m in Sources */,
				4FE07A221FC3BEDF008A32D9 /* DLTimerViewController.m in Sources */,
				0A20C16921129BCF00D631F2 /* DLCollectionTableViewCell.m in Sources */,
				4F0EC8A71FC7E74400CBB61D /* DLDataCollectionViewCell.m in Sources */,
				63F119EC1FFC714A00803301 /* DLMapSearchViewController.m in Sources */,
				63F8EE211FCCF33600EB2D12 /* UIView+DLSize.m in Sources */,
				1B4A09D420C0D91F00F9A1F0 /* DLTimerFlowLayout.m in Sources */,
				63D48BE7200F2BA300EEF347 /* DLBaseAlertViewController.m in Sources */,
				634CFDAA2004583A008EC748 /* UIScrollView+Refresh.m in Sources */,
				63F8EE271FCCFC8C00EB2D12 /* DLLinkageView.m in Sources */,
				634348811FCBF8A000C9E4F2 /* DLIOS9MainViewController.m in Sources */,
				634584862045440E00790FF5 /* DLCardFlowLayout.m in Sources */,
				0A6175DF21F05E6500ADC135 /* DLImageViewerViewController.m in Sources */,
				4FE079F31FC3BC4B008A32D9 /* AppDelegate.m in Sources */,
				4FE07A1C1FC3BE9B008A32D9 /* DLTBImitationViewController.m in Sources */,
				63B6B3C120BF912900DEA117 /* DLSearchTableViewCell.m in Sources */,
			);
			runOnlyForDeploymentPostprocessing = 0;
		};
/* End PBXSourcesBuildPhase section */

/* Begin PBXVariantGroup section */
		4FE079F71FC3BC4B008A32D9 /* Main.storyboard */ = {
			isa = PBXVariantGroup;
			children = (
				4FE079F81FC3BC4B008A32D9 /* Base */,
			);
			name = Main.storyboard;
			sourceTree = "<group>";
		};
		4FE079FF1FC3BC4B008A32D9 /* LaunchScreen.storyboard */ = {
			isa = PBXVariantGroup;
			children = (
				4FE07A001FC3BC4B008A32D9 /* Base */,
			);
			name = LaunchScreen.storyboard;
			sourceTree = "<group>";
		};
/* End PBXVariantGroup section */

/* Begin XCBuildConfiguration section */
		4FE07A051FC3BC4B008A32D9 /* Debug */ = {
			isa = XCBuildConfiguration;
			buildSettings = {
				ALWAYS_SEARCH_USER_PATHS = NO;
				CLANG_ANALYZER_NONNULL = YES;
				CLANG_ANALYZER_NUMBER_OBJECT_CONVERSION = YES_AGGRESSIVE;
				CLANG_CXX_LANGUAGE_STANDARD = "gnu++14";
				CLANG_CXX_LIBRARY = "libc++";
				CLANG_ENABLE_MODULES = YES;
				CLANG_ENABLE_OBJC_ARC = YES;
				CLANG_WARN_BLOCK_CAPTURE_AUTORELEASING = YES;
				CLANG_WARN_BOOL_CONVERSION = YES;
				CLANG_WARN_COMMA = YES;
				CLANG_WARN_CONSTANT_CONVERSION = YES;
				CLANG_WARN_DIRECT_OBJC_ISA_USAGE = YES_ERROR;
				CLANG_WARN_DOCUMENTATION_COMMENTS = YES;
				CLANG_WARN_EMPTY_BODY = YES;
				CLANG_WARN_ENUM_CONVERSION = YES;
				CLANG_WARN_INFINITE_RECURSION = YES;
				CLANG_WARN_INT_CONVERSION = YES;
				CLANG_WARN_NON_LITERAL_NULL_CONVERSION = YES;
				CLANG_WARN_OBJC_LITERAL_CONVERSION = YES;
				CLANG_WARN_OBJC_ROOT_CLASS = YES_ERROR;
				CLANG_WARN_RANGE_LOOP_ANALYSIS = YES;
				CLANG_WARN_STRICT_PROTOTYPES = YES;
				CLANG_WARN_SUSPICIOUS_MOVE = YES;
				CLANG_WARN_UNGUARDED_AVAILABILITY = YES_AGGRESSIVE;
				CLANG_WARN_UNREACHABLE_CODE = YES;
				CLANG_WARN__DUPLICATE_METHOD_MATCH = YES;
				CODE_SIGN_IDENTITY = "iPhone Developer";
				COPY_PHASE_STRIP = NO;
				DEBUG_INFORMATION_FORMAT = dwarf;
				ENABLE_STRICT_OBJC_MSGSEND = YES;
				ENABLE_TESTABILITY = YES;
				GCC_C_LANGUAGE_STANDARD = gnu11;
				GCC_DYNAMIC_NO_PIC = NO;
				GCC_NO_COMMON_BLOCKS = YES;
				GCC_OPTIMIZATION_LEVEL = 0;
				GCC_PREPROCESSOR_DEFINITIONS = (
					"DEBUG=1",
					"$(inherited)",
				);
				GCC_WARN_64_TO_32_BIT_CONVERSION = YES;
				GCC_WARN_ABOUT_RETURN_TYPE = YES_ERROR;
				GCC_WARN_UNDECLARED_SELECTOR = YES;
				GCC_WARN_UNINITIALIZED_AUTOS = YES_AGGRESSIVE;
				GCC_WARN_UNUSED_FUNCTION = YES;
				GCC_WARN_UNUSED_VARIABLE = YES;
				IPHONEOS_DEPLOYMENT_TARGET = 11.1;
				MTL_ENABLE_DEBUG_INFO = YES;
				ONLY_ACTIVE_ARCH = YES;
				SDKROOT = iphoneos;
			};
			name = Debug;
		};
		4FE07A061FC3BC4B008A32D9 /* Release */ = {
			isa = XCBuildConfiguration;
			buildSettings = {
				ALWAYS_SEARCH_USER_PATHS = NO;
				CLANG_ANALYZER_NONNULL = YES;
				CLANG_ANALYZER_NUMBER_OBJECT_CONVERSION = YES_AGGRESSIVE;
				CLANG_CXX_LANGUAGE_STANDARD = "gnu++14";
				CLANG_CXX_LIBRARY = "libc++";
				CLANG_ENABLE_MODULES = YES;
				CLANG_ENABLE_OBJC_ARC = YES;
				CLANG_WARN_BLOCK_CAPTURE_AUTORELEASING = YES;
				CLANG_WARN_BOOL_CONVERSION = YES;
				CLANG_WARN_COMMA = YES;
				CLANG_WARN_CONSTANT_CONVERSION = YES;
				CLANG_WARN_DIRECT_OBJC_ISA_USAGE = YES_ERROR;
				CLANG_WARN_DOCUMENTATION_COMMENTS = YES;
				CLANG_WARN_EMPTY_BODY = YES;
				CLANG_WARN_ENUM_CONVERSION = YES;
				CLANG_WARN_INFINITE_RECURSION = YES;
				CLANG_WARN_INT_CONVERSION = YES;
				CLANG_WARN_NON_LITERAL_NULL_CONVERSION = YES;
				CLANG_WARN_OBJC_LITERAL_CONVERSION = YES;
				CLANG_WARN_OBJC_ROOT_CLASS = YES_ERROR;
				CLANG_WARN_RANGE_LOOP_ANALYSIS = YES;
				CLANG_WARN_STRICT_PROTOTYPES = YES;
				CLANG_WARN_SUSPICIOUS_MOVE = YES;
				CLANG_WARN_UNGUARDED_AVAILABILITY = YES_AGGRESSIVE;
				CLANG_WARN_UNREACHABLE_CODE = YES;
				CLANG_WARN__DUPLICATE_METHOD_MATCH = YES;
				CODE_SIGN_IDENTITY = "iPhone Developer";
				COPY_PHASE_STRIP = NO;
				DEBUG_INFORMATION_FORMAT = "dwarf-with-dsym";
				ENABLE_NS_ASSERTIONS = NO;
				ENABLE_STRICT_OBJC_MSGSEND = YES;
				GCC_C_LANGUAGE_STANDARD = gnu11;
				GCC_NO_COMMON_BLOCKS = YES;
				GCC_WARN_64_TO_32_BIT_CONVERSION = YES;
				GCC_WARN_ABOUT_RETURN_TYPE = YES_ERROR;
				GCC_WARN_UNDECLARED_SELECTOR = YES;
				GCC_WARN_UNINITIALIZED_AUTOS = YES_AGGRESSIVE;
				GCC_WARN_UNUSED_FUNCTION = YES;
				GCC_WARN_UNUSED_VARIABLE = YES;
				IPHONEOS_DEPLOYMENT_TARGET = 11.1;
				MTL_ENABLE_DEBUG_INFO = NO;
				SDKROOT = iphoneos;
				VALIDATE_PRODUCT = YES;
			};
			name = Release;
		};
		4FE07A081FC3BC4B008A32D9 /* Debug */ = {
			isa = XCBuildConfiguration;
			baseConfigurationReference = B0CFACB9D09B49EBEE895915 /* Pods-回顾.debug.xcconfig */;
			buildSettings = {
				ASSETCATALOG_COMPILER_APPICON_NAME = AppIcon;
				CODE_SIGN_STYLE = Automatic;
				DEVELOPMENT_TEAM = A6X5RK4546;
				GCC_PREFIX_HEADER = "$(PRODUCT_NAME)/PrefixHeader.pch";
				INFOPLIST_FILE = "回顾/Info.plist";
				IPHONEOS_DEPLOYMENT_TARGET = 9.1;
				LD_RUNPATH_SEARCH_PATHS = "$(inherited) @executable_path/Frameworks";
				PRODUCT_BUNDLE_IDENTIFIER = "com.devil.----";
				PRODUCT_NAME = "$(TARGET_NAME)";
				TARGETED_DEVICE_FAMILY = "1,2";
			};
			name = Debug;
		};
		4FE07A091FC3BC4B008A32D9 /* Release */ = {
			isa = XCBuildConfiguration;
			baseConfigurationReference = E55276D4656A1886A54DC329 /* Pods-回顾.release.xcconfig */;
			buildSettings = {
				ASSETCATALOG_COMPILER_APPICON_NAME = AppIcon;
				CODE_SIGN_STYLE = Automatic;
				DEVELOPMENT_TEAM = A6X5RK4546;
				GCC_PREFIX_HEADER = "$(PRODUCT_NAME)/PrefixHeader.pch";
				INFOPLIST_FILE = "回顾/Info.plist";
				IPHONEOS_DEPLOYMENT_TARGET = 9.1;
				LD_RUNPATH_SEARCH_PATHS = "$(inherited) @executable_path/Frameworks";
				PRODUCT_BUNDLE_IDENTIFIER = "com.devil.----";
				PRODUCT_NAME = "$(TARGET_NAME)";
				TARGETED_DEVICE_FAMILY = "1,2";
			};
			name = Release;
		};
/* End XCBuildConfiguration section */

/* Begin XCConfigurationList section */
		4FE079E91FC3BC4B008A32D9 /* Build configuration list for PBXProject "回顾" */ = {
			isa = XCConfigurationList;
			buildConfigurations = (
				4FE07A051FC3BC4B008A32D9 /* Debug */,
				4FE07A061FC3BC4B008A32D9 /* Release */,
			);
			defaultConfigurationIsVisible = 0;
			defaultConfigurationName = Release;
		};
		4FE07A071FC3BC4B008A32D9 /* Build configuration list for PBXNativeTarget "回顾" */ = {
			isa = XCConfigurationList;
			buildConfigurations = (
				4FE07A081FC3BC4B008A32D9 /* Debug */,
				4FE07A091FC3BC4B008A32D9 /* Release */,
			);
			defaultConfigurationIsVisible = 0;
			defaultConfigurationName = Release;
		};
/* End XCConfigurationList section */

/* Begin XCVersionGroup section */
		4FE079FA1FC3BC4B008A32D9 /* __.xcdatamodeld */ = {
			isa = XCVersionGroup;
			children = (
				4FE079FB1FC3BC4B008A32D9 /* __.xcdatamodel */,
			);
			currentVersion = 4FE079FB1FC3BC4B008A32D9 /* __.xcdatamodel */;
			path = __.xcdatamodeld;
			sourceTree = "<group>";
			versionGroupType = wrapper.xcdatamodel;
		};
/* End XCVersionGroup section */
	};
	rootObject = 4FE079E61FC3BC4B008A32D9 /* Project object */;
}
